
Microsoft Visual Studio Solution File, Format Version 12.00
# Visual Studio Version 17
VisualStudioVersion = 17.0.31903.59
MinimumVisualStudioVersion = 10.0.40219.1
Project("{2150E333-8FDC-42A3-9474-1A3956D46DE8}") = "src", "src", "{12CFFE22-2C22-4B2B-B459-6B837C5C44D1}"
EndProject
Project("{FAE04EC0-301F-11D3-BF4B-00C04F79EFBC}") = "Superstream", "src\Superstream\Superstream.csproj", "{A45C638D-E640-433E-8FAD-35A22012F85B}"
EndProject
Project("{FAE04EC0-301F-11D3-BF4B-00C04F79EFBC}") = "Superstream.UnitTests", "src\Superstream.UnitTests\Superstream.UnitTests.csproj", "{8DB4693F-D4D0-4563-9281-8161FDC6DB50}"
EndProject
Project("{2150E333-8FDC-42A3-9474-1A3956D46DE8}") = "Solution Items", "Solution Items", "{8CF675E8-CB2B-4486-BEC8-4E6AB92ADD71}"
	ProjectSection(SolutionItems) = preProject
		.editorconfig = .editorconfig
		.gitignore = .gitignore
		README.md = README.md
		Directory.Packages.props = Directory.Packages.props
    nuget.config = nuget.config
	EndProjectSection
EndProject
Project("{2150E333-8FDC-42A3-9474-1A3956D46DE8}") = "examples", "examples", "{8D898B10-EB84-4FE4-973C-2488E294D188}"
EndProject
Project("{FAE04EC0-301F-11D3-BF4B-00C04F79EFBC}") = "Producer", "examples\Producer\Producer.csproj", "{124BF1D9-4A3C-475F-B7B0-BFE42FB6BD23}"
EndProject
Project("{FAE04EC0-301F-11D3-BF4B-00C04F79EFBC}") = "Consumer", "examples\Consumer\Consumer.csproj", "{EEFE11C8-3716-43F4-BED3-AEF5DA883783}"
EndProject
Global
	GlobalSection(SolutionConfigurationPlatforms) = preSolution
		Debug|Any CPU = Debug|Any CPU
		Release|Any CPU = Release|Any CPU
	EndGlobalSection
	GlobalSection(ProjectConfigurationPlatforms) = postSolution
		{A45C638D-E640-433E-8FAD-35A22012F85B}.Debug|Any CPU.ActiveCfg = Debug|Any CPU
		{A45C638D-E640-433E-8FAD-35A22012F85B}.Debug|Any CPU.Build.0 = Debug|Any CPU
		{A45C638D-E640-433E-8FAD-35A22012F85B}.Release|Any CPU.ActiveCfg = Release|Any CPU
		{A45C638D-E640-433E-8FAD-35A22012F85B}.Release|Any CPU.Build.0 = Release|Any CPU
		{8DB4693F-D4D0-4563-9281-8161FDC6DB50}.Debug|Any CPU.ActiveCfg = Debug|Any CPU
		{8DB4693F-D4D0-4563-9281-8161FDC6DB50}.Debug|Any CPU.Build.0 = Debug|Any CPU
		{8DB4693F-D4D0-4563-9281-8161FDC6DB50}.Release|Any CPU.ActiveCfg = Release|Any CPU
		{8DB4693F-D4D0-4563-9281-8161FDC6DB50}.Release|Any CPU.Build.0 = Release|Any CPU
		{124BF1D9-4A3C-475F-B7B0-BFE42FB6BD23}.Debug|Any CPU.ActiveCfg = Debug|Any CPU
		{124BF1D9-4A3C-475F-B7B0-BFE42FB6BD23}.Debug|Any CPU.Build.0 = Debug|Any CPU
		{124BF1D9-4A3C-475F-B7B0-BFE42FB6BD23}.Release|Any CPU.ActiveCfg = Release|Any CPU
		{124BF1D9-4A3C-475F-B7B0-BFE42FB6BD23}.Release|Any CPU.Build.0 = Release|Any CPU
		{EEFE11C8-3716-43F4-BED3-AEF5DA883783}.Debug|Any CPU.ActiveCfg = Debug|Any CPU
		{EEFE11C8-3716-43F4-BED3-AEF5DA883783}.Debug|Any CPU.Build.0 = Debug|Any CPU
		{EEFE11C8-3716-43F4-BED3-AEF5DA883783}.Release|Any CPU.ActiveCfg = Release|Any CPU
		{EEFE11C8-3716-43F4-BED3-AEF5DA883783}.Release|Any CPU.Build.0 = Release|Any CPU
	EndGlobalSection
	GlobalSection(SolutionProperties) = preSolution
		HideSolutionNode = FALSE
	EndGlobalSection
	GlobalSection(NestedProjects) = preSolution
		{A45C638D-E640-433E-8FAD-35A22012F85B} = {12CFFE22-2C22-4B2B-B459-6B837C5C44D1}
		{8DB4693F-D4D0-4563-9281-8161FDC6DB50} = {12CFFE22-2C22-4B2B-B459-6B837C5C44D1}
		{124BF1D9-4A3C-475F-B7B0-BFE42FB6BD23} = {8D898B10-EB84-4FE4-973C-2488E294D188}
		{EEFE11C8-3716-43F4-BED3-AEF5DA883783} = {8D898B10-EB84-4FE4-973C-2488E294D188}
	EndGlobalSection
EndGlobal
